github.com/go-test/deep v1.0.7/go.mod h1:QV8Hv/iy04NyLBxAdO9njL0iVPN1S4d/A3NVv1V36o8=
github.com/go-test/deep v1.0.8 h1:TDsG77qcSprGbC6vTN8OuXp5g+J+b5Pcguhf7Zt61VM=
github.com/go-test/deep v1.0.8/go.mod h1:5C2ZWiW0ErCdrYzpqxLbTX7MG14M9iiw8DgHncVwcsE=
github.com/yehan2002/errors v1.5.3 h1:NnfrRdDCS848shW9ssPk1/mAn4+vzGTft+k42JYU6/k=
github.com/yehan2002/errors v1.5.3/go.mod h1:qYwLUY0Z1evFblp4Z2tS1S0t2jGCvhgK8umXrsn5acQ=
github.com/yehan2002/is/v2 v2.2.3 h1:mu6sPOMBGDfznkjaPqiJWEglZySChsQBaSOq3go6uxw=
github.com/yehan2002/is/v2 v2.2.3/go.mod h1:vzFI2yrwm9IijztPzTS01u7PfFOTK97A7/2s7Tk0A+w=
